
Microsoft Visual Studio Solution File, Format Version 12.00
# Visual Studio 14
VisualStudioVersion = 14.0.23107.0
MinimumVisualStudioVersion = 10.0.40219.1
Project("{FAE04EC0-301F-11D3-BF4B-00C04F79EFBC}") = "MissionProject", "MissionProject\MissionProject.csproj", "{634E1E77-F461-4078-8AF1-BC54D2A11953}"
EndProject
Project("{FAE04EC0-301F-11D3-BF4B-00C04F79EFBC}") = "MissionProject.Tests", "MissionProject.Tests\MissionProject.Tests.csproj", "{A931C76C-44F0-4D80-BCD5-77976913AFFE}"
EndProject
Global
	GlobalSection(SolutionConfigurationPlatforms) = preSolution
		Debug|Any CPU = Debug|Any CPU
		Release|Any CPU = Release|Any CPU
	EndGlobalSection
	GlobalSection(ProjectConfigurationPlatforms) = postSolution
		{634E1E77-F461-4078-8AF1-BC54D2A11953}.Debug|Any CPU.ActiveCfg = Debug|Any CPU
		{634E1E77-F461-4078-8AF1-BC54D2A11953}.Debug|Any CPU.Build.0 = Debug|Any CPU
		{634E1E77-F461-4078-8AF1-BC54D2A11953}.Release|Any CPU.ActiveCfg = Release|Any CPU
		{634E1E77-F461-4078-8AF1-BC54D2A11953}.Release|Any CPU.Build.0 = Release|Any CPU
		{A931C76C-44F0-4D80-BCD5-77976913AFFE}.Debug|Any CPU.ActiveCfg = Debug|Any CPU
		{A931C76C-44F0-4D80-BCD5-77976913AFFE}.Debug|Any CPU.Build.0 = Debug|Any CPU
		{A931C76C-44F0-4D80-BCD5-77976913AFFE}.Release|Any CPU.ActiveCfg = Release|Any CPU
		{A931C76C-44F0-4D80-BCD5-77976913AFFE}.Release|Any CPU.Build.0 = Release|Any CPU
	EndGlobalSection
	GlobalSection(SolutionProperties) = preSolution
		HideSolutionNode = FALSE
	EndGlobalSection
EndGlobal
